
Microsoft Visual Studio Solution File, Format Version 12.00
# Visual Studio Version 16
VisualStudioVersion = 16.0.33328.57
MinimumVisualStudioVersion = 10.0.40219.1
Project("{8BC9CEB8-8B4A-11D0-8D11-00A0C91BC942}") = "TraineeTask", "TraineeTask\TraineeTask.vcxproj", "{0568E7F7-0DEC-4BA5-8DC4-120A5C0B0682}"
EndProject
Project("{8BC9CEB8-8B4A-11D0-8D11-00A0C91BC942}") = "UnitTests", "UnitTests\UnitTests.vcxproj", "{B0093BFB-12F3-4C71-83C0-8CB314AD593E}"
EndProject
Global
	GlobalSection(SolutionConfigurationPlatforms) = preSolution
		Debug|x64 = Debug|x64
		Debug|x86 = Debug|x86
		Release|x64 = Release|x64
		Release|x86 = Release|x86
	EndGlobalSection
	GlobalSection(ProjectConfigurationPlatforms) = postSolution
		{0568E7F7-0DEC-4BA5-8DC4-120A5C0B0682}.Debug|x64.ActiveCfg = Debug|x64
		{0568E7F7-0DEC-4BA5-8DC4-120A5C0B0682}.Debug|x64.Build.0 = Debug|x64
		{0568E7F7-0DEC-4BA5-8DC4-120A5C0B0682}.Debug|x86.ActiveCfg = Debug|Win32
		{0568E7F7-0DEC-4BA5-8DC4-120A5C0B0682}.Debug|x86.Build.0 = Debug|Win32
		{0568E7F7-0DEC-4BA5-8DC4-120A5C0B0682}.Release|x64.ActiveCfg = Release|x64
		{0568E7F7-0DEC-4BA5-8DC4-120A5C0B0682}.Release|x64.Build.0 = Release|x64
		{0568E7F7-0DEC-4BA5-8DC4-120A5C0B0682}.Release|x86.ActiveCfg = Release|Win32
		{0568E7F7-0DEC-4BA5-8DC4-120A5C0B0682}.Release|x86.Build.0 = Release|Win32
		{B0093BFB-12F3-4C71-83C0-8CB314AD593E}.Debug|x64.ActiveCfg = Debug|x64
		{B0093BFB-12F3-4C71-83C0-8CB314AD593E}.Debug|x64.Build.0 = Debug|x64
		{B0093BFB-12F3-4C71-83C0-8CB314AD593E}.Debug|x86.ActiveCfg = Debug|Win32
		{B0093BFB-12F3-4C71-83C0-8CB314AD593E}.Debug|x86.Build.0 = Debug|Win32
		{B0093BFB-12F3-4C71-83C0-8CB314AD593E}.Release|x64.ActiveCfg = Release|x64
		{B0093BFB-12F3-4C71-83C0-8CB314AD593E}.Release|x64.Build.0 = Release|x64
		{B0093BFB-12F3-4C71-83C0-8CB314AD593E}.Release|x86.ActiveCfg = Release|Win32
		{B0093BFB-12F3-4C71-83C0-8CB314AD593E}.Release|x86.Build.0 = Release|Win32
	EndGlobalSection
	GlobalSection(SolutionProperties) = preSolution
		HideSolutionNode = FALSE
	EndGlobalSection
	GlobalSection(ExtensibilityGlobals) = postSolution
		SolutionGuid = {A266DEC1-4247-48F8-8DAF-132C3DED6FDF}
	EndGlobalSection
EndGlobal
